// !$*UTF8*$!
{
	archiveVersion = 1;
	classes = {
	};
	objectVersion = 56;
	objects = {

/* Begin PBXBuildFile section */
		67FA3264542CF97EF511D97C /* Pods_NetWorking.framework in Frameworks */ = {isa = PBXBuildFile; fileRef = 189DA16A0471126172950EBE /* Pods_NetWorking.framework */; };
		797B866C2C0D8C3800D89888 /* AppDelegate.m in Sources */ = {isa = PBXBuildFile; fileRef = 797B866B2C0D8C3800D89888 /* AppDelegate.m */; };
		797B866F2C0D8C3800D89888 /* SceneDelegate.m in Sources */ = {isa = PBXBuildFile; fileRef = 797B866E2C0D8C3800D89888 /* SceneDelegate.m */; };
		797B86722C0D8C3800D89888 /* ViewController.m in Sources */ = {isa = PBXBuildFile; fileRef = 797B86712C0D8C3800D89888 /* ViewController.m */; };
		797B86752C0D8C3800D89888 /* Base in Resources */ = {isa = PBXBuildFile; fileRef = 797B86742C0D8C3800D89888 /* Base */; };
		797B86772C0D8C3A00D89888 /* Assets.xcassets in Resources */ = {isa = PBXBuildFile; fileRef = 797B86762C0D8C3A00D89888 /* Assets.xcassets */; };
		797B867A2C0D8C3A00D89888 /* Base in Resources */ = {isa = PBXBuildFile; fileRef = 797B86792C0D8C3A00D89888 /* Base */; };
		797B867D2C0D8C3A00D89888 /* main.m in Sources */ = {isa = PBXBuildFile; fileRef = 797B867C2C0D8C3A00D89888 /* main.m */; };
		797B86C62C1046DD00D89888 /* YTKGetApi.m in Sources */ = {isa = PBXBuildFile; fileRef = 797B86C52C1046DD00D89888 /* YTKGetApi.m */; };
		797B86C92C1055DD00D89888 /* YTKPostApi.m in Sources */ = {isa = PBXBuildFile; fileRef = 797B86C82C1055DD00D89888 /* YTKPostApi.m */; };
/* End PBXBuildFile section */

/* Begin PBXFileReference section */
		189DA16A0471126172950EBE /* Pods_NetWorking.framework */ = {isa = PBXFileReference; explicitFileType = wrapper.framework; includeInIndex = 0; path = Pods_NetWorking.framework; sourceTree = BUILT_PRODUCTS_DIR; };
		797B86672C0D8C3800D89888 /* NetWorking.app */ = {isa = PBXFileReference; explicitFileType = wrapper.application; includeInIndex = 0; path = NetWorking.app; sourceTree = BUILT_PRODUCTS_DIR; };
		797B866A2C0D8C3800D89888 /* AppDelegate.h */ = {isa = PBXFileReference; lastKnownFileType = sourcecode.c.h; path = AppDelegate.h; sourceTree = "<group>"; };
		797B866B2C0D8C3800D89888 /* AppDelegate.m */ = {isa = PBXFileReference; lastKnownFileType = sourcecode.c.objc; path = AppDelegate.m; sourceTree = "<group>"; };
		797B866D2C0D8C3800D89888 /* SceneDelegate.h */ = {isa = PBXFileReference; lastKnownFileType = sourcecode.c.h; path = SceneDelegate.h; sourceTree = "<group>"; };
		797B866E2C0D8C3800D89888 /* SceneDelegate.m */ = {isa = PBXFileReference; lastKnownFileType = sourcecode.c.objc; path = SceneDelegate.m; sourceTree = "<group>"; };
		797B86702C0D8C3800D89888 /* ViewController.h */ = {isa = PBXFileReference; lastKnownFileType = sourcecode.c.h; path = ViewController.h; sourceTree = "<group>"; };
		797B86712C0D8C3800D89888 /* ViewController.m */ = {isa = PBXFileReference; lastKnownFileType = sourcecode.c.objc; path = ViewController.m; sourceTree = "<group>"; };
		797B86742C0D8C3800D89888 /* Base */ = {isa = PBXFileReference; lastKnownFileType = file.storyboard; name = Base; path = Base.lproj/Main.storyboard; sourceTree = "<group>"; };
		797B86762C0D8C3A00D89888 /* Assets.xcassets */ = {isa = PBXFileReference; lastKnownFileType = folder.assetcatalog; path = Assets.xcassets; sourceTree = "<group>"; };
		797B86792C0D8C3A00D89888 /* Base */ = {isa = PBXFileReference; lastKnownFileType = file.storyboard; name = Base; path = Base.lproj/LaunchScreen.storyboard; sourceTree = "<group>"; };
		797B867B2C0D8C3A00D89888 /* Info.plist */ = {isa = PBXFileReference; lastKnownFileType = text.plist.xml; path = Info.plist; sourceTree = "<group>"; };
		797B867C2C0D8C3A00D89888 /* main.m */ = {isa = PBXFileReference; lastKnownFileType = sourcecode.c.objc; path = main.m; sourceTree = "<group>"; };
		797B86C42C1046DD00D89888 /* YTKGetApi.h */ = {isa = PBXFileReference; lastKnownFileType = sourcecode.c.h; path = YTKGetApi.h; sourceTree = "<group>"; };
		797B86C52C1046DD00D89888 /* YTKGetApi.m */ = {isa = PBXFileReference; lastKnownFileType = sourcecode.c.objc; path = YTKGetApi.m; sourceTree = "<group>"; };
		797B86C72C1055DD00D89888 /* YTKPostApi.h */ = {isa = PBXFileReference; lastKnownFileType = sourcecode.c.h; path = YTKPostApi.h; sourceTree = "<group>"; };
		797B86C82C1055DD00D89888 /* YTKPostApi.m */ = {isa = PBXFileReference; lastKnownFileType = sourcecode.c.objc; path = YTKPostApi.m; sourceTree = "<group>"; };
		91BA145465DB644830A6D4E8 /* Pods-NetWorking.release.xcconfig */ = {isa = PBXFileReference; includeInIndex = 1; lastKnownFileType = text.xcconfig; name = "Pods-NetWorking.release.xcconfig"; path = "Target Support Files/Pods-NetWorking/Pods-NetWorking.release.xcconfig"; sourceTree = "<group>"; };
		BE104AD8DE2A51C3247C7342 /* Pods-NetWorking.debug.xcconfig */ = {isa = PBXFileReference; includeInIndex = 1; lastKnownFileType = text.xcconfig; name = "Pods-NetWorking.debug.xcconfig"; path = "Target Support Files/Pods-NetWorking/Pods-NetWorking.debug.xcconfig"; sourceTree = "<group>"; };
/* End PBXFileReference section */

/* Begin PBXFrameworksBuildPhase section */
		797B86642C0D8C3800D89888 /* Frameworks */ = {
			isa = PBXFrameworksBuildPhase;
			buildActionMask = 2147483647;
			files = (
				67FA3264542CF97EF511D97C /* Pods_NetWorking.framework in Frameworks */,
			);
			runOnlyForDeploymentPostprocessing = 0;
		};
/* End PBXFrameworksBuildPhase section */

/* Begin PBXGroup section */
		15BB014D3F6A45F76399D968 /* Frameworks */ = {
			isa = PBXGroup;
			children = (
				189DA16A0471126172950EBE /* Pods_NetWorking.framework */,
			);
			name = Frameworks;
			sourceTree = "<group>";
		};
		797B865E2C0D8C3800D89888 = {
			isa = PBXGroup;
			children = (
				797B86692C0D8C3800D89888 /* NetWorking */,
				797B86682C0D8C3800D89888 /* Products */,
				ABB0CDC7895E72281D645B64 /* Pods */,
				15BB014D3F6A45F76399D968 /* Frameworks */,
			);
			sourceTree = "<group>";
		};
		797B86682C0D8C3800D89888 /* Products */ = {
			isa = PBXGroup;
			children = (
				797B86672C0D8C3800D89888 /* NetWorking.app */,
			);
			name = Products;
			sourceTree = "<group>";
		};
		797B86692C0D8C3800D89888 /* NetWorking */ = {
			isa = PBXGroup;
			children = (
				797B866A2C0D8C3800D89888 /* AppDelegate.h */,
				797B866B2C0D8C3800D89888 /* AppDelegate.m */,
				797B86C72C1055DD00D89888 /* YTKPostApi.h */,
				797B86C82C1055DD00D89888 /* YTKPostApi.m */,
				797B86C42C1046DD00D89888 /* YTKGetApi.h */,
				797B86C52C1046DD00D89888 /* YTKGetApi.m */,
				797B866D2C0D8C3800D89888 /* SceneDelegate.h */,
				797B866E2C0D8C3800D89888 /* SceneDelegate.m */,
				797B86702C0D8C3800D89888 /* ViewController.h */,
				797B86712C0D8C3800D89888 /* ViewController.m */,
				797B86732C0D8C3800D89888 /* Main.storyboard */,
				797B86762C0D8C3A00D89888 /* Assets.xcassets */,
				797B86782C0D8C3A00D89888 /* LaunchScreen.storyboard */,
				797B867B2C0D8C3A00D89888 /* Info.plist */,
				797B867C2C0D8C3A00D89888 /* main.m */,
			);
			path = NetWorking;
			sourceTree = "<group>";
		};
		ABB0CDC7895E72281D645B64 /* Pods */ = {
			isa = PBXGroup;
			children = (
				BE104AD8DE2A51C3247C7342 /* Pods-NetWorking.debug.xcconfig */,
				91BA145465DB644830A6D4E8 /* Pods-NetWorking.release.xcconfig */,
			);
			path = Pods;
			sourceTree = "<group>";
		};
/* End PBXGroup section */

/* Begin PBXNativeTarget section */
		797B86662C0D8C3800D89888 /* NetWorking */ = {
			isa = PBXNativeTarget;
			buildConfigurationList = 797B86802C0D8C3A00D89888 /* Build configuration list for PBXNativeTarget "NetWorking" */;
			buildPhases = (
				E27B4C522DE20706CCD5493A /* [CP] Check Pods Manifest.lock */,
				797B86632C0D8C3800D89888 /* Sources */,
				797B86642C0D8C3800D89888 /* Frameworks */,
				797B86652C0D8C3800D89888 /* Resources */,
				553F64EE20AB5B0361BC4B50 /* [CP] Embed Pods Frameworks */,
			);
			buildRules = (
			);
			dependencies = (
			);
			name = NetWorking;
			productName = NetWorking;
			productReference = 797B86672C0D8C3800D89888 /* NetWorking.app */;
			productType = "com.apple.product-type.application";
		};
/* End PBXNativeTarget section */

/* Begin PBXProject section */
		797B865F2C0D8C3800D89888 /* Project object */ = {
			isa = PBXProject;
			attributes = {
				BuildIndependentTargetsInParallel = 1;
				LastUpgradeCheck = 1540;
				TargetAttributes = {
					797B86662C0D8C3800D89888 = {
						CreatedOnToolsVersion = 15.4;
					};
				};
			};
			buildConfigurationList = 797B86622C0D8C3800D89888 /* Build configuration list for PBXProject "NetWorking" */;
			compatibilityVersion = "Xcode 14.0";
			developmentRegion = en;
			hasScannedForEncodings = 0;
			knownRegions = (
				en,
				Base,
			);
			mainGroup = 797B865E2C0D8C3800D89888;
			productRefGroup = 797B86682C0D8C3800D89888 /* Products */;
			projectDirPath = "";
			projectRoot = "";
			targets = (
				797B86662C0D8C3800D89888 /* NetWorking */,
			);
		};
/* End PBXProject section */

/* Begin PBXResourcesBuildPhase section */
		797B86652C0D8C3800D89888 /* Resources */ = {
			isa = PBXResourcesBuildPhase;
			buildActionMask = 2147483647;
			files = (
				797B86772C0D8C3A00D89888 /* Assets.xcassets in Resources */,
				797B867A2C0D8C3A00D89888 /* Base in Resources */,
				797B86752C0D8C3800D89888 /* Base in Resources */,
			);
			runOnlyForDeploymentPostprocessing = 0;
		};
/* End PBXResourcesBuildPhase section */

/* Begin PBXShellScriptBuildPhase section */
		553F64EE20AB5B0361BC4B50 /* [CP] Embed Pods Frameworks */ = {
			isa = PBXShellScriptBuildPhase;
			buildActionMask = 2147483647;
			files = (
			);
			inputFileListPaths = (
				"${PODS_ROOT}/Target Support Files/Pods-NetWorking/Pods-NetWorking-frameworks-${CONFIGURATION}-input-files.xcfilelist",
			);
			name = "[CP] Embed Pods Frameworks";
			outputFileListPaths = (
				"${PODS_ROOT}/Target Support Files/Pods-NetWorking/Pods-NetWorking-frameworks-${CONFIGURATION}-output-files.xcfilelist",
			);
			runOnlyForDeploymentPostprocessing = 0;
			shellPath = /bin/sh;
			shellScript = "\"${PODS_ROOT}/Target Support Files/Pods-NetWorking/Pods-NetWorking-frameworks.sh\"\n";
			showEnvVarsInLog = 0;
		};
		E27B4C522DE20706CCD5493A /* [CP] Check Pods Manifest.lock */ = {
			isa = PBXShellScriptBuildPhase;
			buildActionMask = 2147483647;
			files = (
			);
			inputFileListPaths = (
			);
			inputPaths = (
				"${PODS_PODFILE_DIR_PATH}/Podfile.lock",
				"${PODS_ROOT}/Manifest.lock",
			);
			name = "[CP] Check Pods Manifest.lock";
			outputFileListPaths = (
			);
			outputPaths = (
				"$(DERIVED_FILE_DIR)/Pods-NetWorking-checkManifestLockResult.txt",
			);
			runOnlyForDeploymentPostprocessing = 0;
			shellPath = /bin/sh;
			shellScript = "diff \"${PODS_PODFILE_DIR_PATH}/Podfile.lock\" \"${PODS_ROOT}/Manifest.lock\" > /dev/null\nif [ $? != 0 ] ; then\n    # print error to STDERR\n    echo \"error: The sandbox is not in sync with the Podfile.lock. Run 'pod install' or update your CocoaPods installation.\" >&2\n    exit 1\nfi\n# This output is used by Xcode 'outputs' to avoid re-running this script phase.\necho \"SUCCESS\" > \"${SCRIPT_OUTPUT_FILE_0}\"\n";
			showEnvVarsInLog = 0;
		};
/* End PBXShellScriptBuildPhase section */

/* Begin PBXSourcesBuildPhase section */
		797B86632C0D8C3800D89888 /* Sources */ = {
			isa = PBXSourcesBuildPhase;
			buildActionMask = 2147483647;
			files = (
				797B86C62C1046DD00D89888 /* YTKGetApi.m in Sources */,
				797B86722C0D8C3800D89888 /* ViewController.m in Sources */,
				797B866C2C0D8C3800D89888 /* AppDelegate.m in Sources */,
				797B867D2C0D8C3A00D89888 /* main.m in Sources */,
				797B866F2C0D8C3800D89888 /* SceneDelegate.m in Sources */,
				797B86C92C1055DD00D89888 /* YTKPostApi.m in Sources */,
			);
			runOnlyForDeploymentPostprocessing = 0;
		};
/* End PBXSourcesBuildPhase section */

/* Begin PBXVariantGroup section */
		797B86732C0D8C3800D89888 /* Main.storyboard */ = {
			isa = PBXVariantGroup;
			children = (
				797B86742C0D8C3800D89888 /* Base */,
			);
			name = Main.storyboard;
			sourceTree = "<group>";
		};
		797B86782C0D8C3A00D89888 /* LaunchScreen.storyboard */ = {
			isa = PBXVariantGroup;
			children = (
				797B86792C0D8C3A00D89888 /* Base */,
			);
			name = LaunchScreen.storyboard;
			sourceTree = "<group>";
		};
/* End PBXVariantGroup section */

/* Begin XCBuildConfiguration section */
		797B867E2C0D8C3A00D89888 /* Debug */ = {
			isa = XCBuildConfiguration;
			buildSettings = {
				ALWAYS_SEARCH_USER_PATHS = NO;
				ASSETCATALOG_COMPILER_GENERATE_SWIFT_ASSET_SYMBOL_EXTENSIONS = YES;
				CLANG_ANALYZER_NONNULL = YES;
				CLANG_ANALYZER_NUMBER_OBJECT_CONVERSION = YES_AGGRESSIVE;
				CLANG_CXX_LANGUAGE_STANDARD = "gnu++20";
				CLANG_ENABLE_MODULES = YES;
				CLANG_ENABLE_OBJC_ARC = YES;
				CLANG_ENABLE_OBJC_WEAK = YES;
				CLANG_WARN_BLOCK_CAPTURE_AUTORELEASING = YES;
				CLANG_WARN_BOOL_CONVERSION = YES;
				CLANG_WARN_COMMA = YES;
				CLANG_WARN_CONSTANT_CONVERSION = YES;
				CLANG_WARN_DEPRECATED_OBJC_IMPLEMENTATIONS = YES;
				CLANG_WARN_DIRECT_OBJC_ISA_USAGE = YES_ERROR;
				CLANG_WARN_DOCUMENTATION_COMMENTS = YES;
				CLANG_WARN_EMPTY_BODY = YES;
				CLANG_WARN_ENUM_CONVERSION = YES;
				CLANG_WARN_INFINITE_RECURSION = YES;
				CLANG_WARN_INT_CONVERSION = YES;
				CLANG_WARN_NON_LITERAL_NULL_CONVERSION = YES;
				CLANG_WARN_OBJC_IMPLICIT_RETAIN_SELF = YES;
				CLANG_WARN_OBJC_LITERAL_CONVERSION = YES;
				CLANG_WARN_OBJC_ROOT_CLASS = YES_ERROR;
				CLANG_WARN_QUOTED_INCLUDE_IN_FRAMEWORK_HEADER = YES;
				CLANG_WARN_RANGE_LOOP_ANALYSIS = YES;
				CLANG_WARN_STRICT_PROTOTYPES = YES;
				CLANG_WARN_SUSPICIOUS_MOVE = YES;
				CLANG_WARN_UNGUARDED_AVAILABILITY = YES_AGGRESSIVE;
				CLANG_WARN_UNREACHABLE_CODE = YES;
				CLANG_WARN__DUPLICATE_METHOD_MATCH = YES;
				COPY_PHASE_STRIP = NO;
				DEBUG_INFORMATION_FORMAT = dwarf;
				ENABLE_STRICT_OBJC_MSGSEND = YES;
				ENABLE_TESTABILITY = YES;
				ENABLE_USER_SCRIPT_SANDBOXING = YES;
				GCC_C_LANGUAGE_STANDARD = gnu17;
				GCC_DYNAMIC_NO_PIC = NO;
				GCC_NO_COMMON_BLOCKS = YES;
				GCC_OPTIMIZATION_LEVEL = 0;
				GCC_PREPROCESSOR_DEFINITIONS = (
					"DEBUG=1",
					"$(inherited)",
				);
				GCC_WARN_64_TO_32_BIT_CONVERSION = YES;
				GCC_WARN_ABOUT_RETURN_TYPE = YES_ERROR;
				GCC_WARN_UNDECLARED_SELECTOR = YES;
				GCC_WARN_UNINITIALIZED_AUTOS = YES_AGGRESSIVE;
				GCC_WARN_UNUSED_FUNCTION = YES;
				GCC_WARN_UNUSED_VARIABLE = YES;
				IPHONEOS_DEPLOYMENT_TARGET = 17.5;
				LOCALIZATION_PREFERS_STRING_CATALOGS = YES;
				MTL_ENABLE_DEBUG_INFO = INCLUDE_SOURCE;
				MTL_FAST_MATH = YES;
				ONLY_ACTIVE_ARCH = YES;
				SDKROOT = iphoneos;
			};
			name = Debug;
		};
		797B867F2C0D8C3A00D89888 /* Release */ = {
			isa = XCBuildConfiguration;
			buildSettings = {
				ALWAYS_SEARCH_USER_PATHS = NO;
				ASSETCATALOG_COMPILER_GENERATE_SWIFT_ASSET_SYMBOL_EXTENSIONS = YES;
				CLANG_ANALYZER_NONNULL = YES;
				CLANG_ANALYZER_NUMBER_OBJECT_CONVERSION = YES_AGGRESSIVE;
				CLANG_CXX_LANGUAGE_STANDARD = "gnu++20";
				CLANG_ENABLE_MODULES = YES;
				CLANG_ENABLE_OBJC_ARC = YES;
				CLANG_ENABLE_OBJC_WEAK = YES;
				CLANG_WARN_BLOCK_CAPTURE_AUTORELEASING = YES;
				CLANG_WARN_BOOL_CONVERSION = YES;
				CLANG_WARN_COMMA = YES;
				CLANG_WARN_CONSTANT_CONVERSION = YES;
				CLANG_WARN_DEPRECATED_OBJC_IMPLEMENTATIONS = YES;
				CLANG_WARN_DIRECT_OBJC_ISA_USAGE = YES_ERROR;
				CLANG_WARN_DOCUMENTATION_COMMENTS = YES;
				CLANG_WARN_EMPTY_BODY = YES;
				CLANG_WARN_ENUM_CONVERSION = YES;
				CLANG_WARN_INFINITE_RECURSION = YES;
				CLANG_WARN_INT_CONVERSION = YES;
				CLANG_WARN_NON_LITERAL_NULL_CONVERSION = YES;
				CLANG_WARN_OBJC_IMPLICIT_RETAIN_SELF = YES;
				CLANG_WARN_OBJC_LITERAL_CONVERSION = YES;
				CLANG_WARN_OBJC_ROOT_CLASS = YES_ERROR;
				CLANG_WARN_QUOTED_INCLUDE_IN_FRAMEWORK_HEADER = YES;
				CLANG_WARN_RANGE_LOOP_ANALYSIS = YES;
				CLANG_WARN_STRICT_PROTOTYPES = YES;
				CLANG_WARN_SUSPICIOUS_MOVE = YES;
				CLANG_WARN_UNGUARDED_AVAILABILITY = YES_AGGRESSIVE;
				CLANG_WARN_UNREACHABLE_CODE = YES;
				CLANG_WARN__DUPLICATE_METHOD_MATCH = YES;
				COPY_PHASE_STRIP = NO;
				DEBUG_INFORMATION_FORMAT = "dwarf-with-dsym";
				ENABLE_NS_ASSERTIONS = NO;
				ENABLE_STRICT_OBJC_MSGSEND = YES;
				ENABLE_USER_SCRIPT_SANDBOXING = YES;
				GCC_C_LANGUAGE_STANDARD = gnu17;
				GCC_NO_COMMON_BLOCKS = YES;
				GCC_WARN_64_TO_32_BIT_CONVERSION = YES;
				GCC_WARN_ABOUT_RETURN_TYPE = YES_ERROR;
				GCC_WARN_UNDECLARED_SELECTOR = YES;
				GCC_WARN_UNINITIALIZED_AUTOS = YES_AGGRESSIVE;
				GCC_WARN_UNUSED_FUNCTION = YES;
				GCC_WARN_UNUSED_VARIABLE = YES;
				IPHONEOS_DEPLOYMENT_TARGET = 17.5;
				LOCALIZATION_PREFERS_STRING_CATALOGS = YES;
				MTL_ENABLE_DEBUG_INFO = NO;
				MTL_FAST_MATH = YES;
				SDKROOT = iphoneos;
				VALIDATE_PRODUCT = YES;
			};
			name = Release;
		};
		797B86812C0D8C3A00D89888 /* Debug */ = {
			isa = XCBuildConfiguration;
			baseConfigurationReference = BE104AD8DE2A51C3247C7342 /* Pods-NetWorking.debug.xcconfig */;
			buildSettings = {
				ASSETCATALOG_COMPILER_APPICON_NAME = AppIcon;
				ASSETCATALOG_COMPILER_GLOBAL_ACCENT_COLOR_NAME = AccentColor;
				CODE_SIGN_STYLE = Automatic;
				CURRENT_PROJECT_VERSION = 1;
				DEVELOPMENT_TEAM = BB229853Y3;
				ENABLE_USER_SCRIPT_SANDBOXING = NO;
				GENERATE_INFOPLIST_FILE = YES;
				INFOPLIST_FILE = NetWorking/Info.plist;
				INFOPLIST_KEY_UIApplicationSupportsIndirectInputEvents = YES;
				INFOPLIST_KEY_UILaunchStoryboardName = LaunchScreen;
				INFOPLIST_KEY_UIMainStoryboardFile = Main;
				INFOPLIST_KEY_UISupportedInterfaceOrientations_iPad = "UIInterfaceOrientationPortrait UIInterfaceOrientationPortraitUpsideDown UIInterfaceOrientationLandscapeLeft UIInterfaceOrientationLandscapeRight";
				INFOPLIST_KEY_UISupportedInterfaceOrientations_iPhone = "UIInterfaceOrientationPortrait UIInterfaceOrientationLandscapeLeft UIInterfaceOrientationLandscapeRight";
				IPHONEOS_DEPLOYMENT_TARGET = 15.0;
				LD_RUNPATH_SEARCH_PATHS = (
					"$(inherited)",
					"@executable_path/Frameworks",
				);
				MARKETING_VERSION = 1.0;
				PRODUCT_BUNDLE_IDENTIFIER = com.ledger.NetWorking;
				PRODUCT_NAME = "$(TARGET_NAME)";
				SWIFT_EMIT_LOC_STRINGS = YES;
				TARGETED_DEVICE_FAMILY = "1,2";
			};
			name = Debug;
		};
		797B86822C0D8C3A00D89888 /* Release */ = {
			isa = XCBuildConfiguration;
			baseConfigurationReference = 91BA145465DB644830A6D4E8 /* Pods-NetWorking.release.xcconfig */;
			buildSettings = {
				ASSETCATALOG_COMPILER_APPICON_NAME = AppIcon;
				ASSETCATALOG_COMPILER_GLOBAL_ACCENT_COLOR_NAME = AccentColor;
				CODE_SIGN_STYLE = Automatic;
				CURRENT_PROJECT_VERSION = 1;
				DEVELOPMENT_TEAM = BB229853Y3;
				ENABLE_USER_SCRIPT_SANDBOXING = NO;
				GENERATE_INFOPLIST_FILE = YES;
				INFOPLIST_FILE = NetWorking/Info.plist;
				INFOPLIST_KEY_UIApplicationSupportsIndirectInputEvents = YES;
				INFOPLIST_KEY_UILaunchStoryboardName = LaunchScreen;
				INFOPLIST_KEY_UIMainStoryboardFile = Main;
				INFOPLIST_KEY_UISupportedInterfaceOrientations_iPad = "UIInterfaceOrientationPortrait UIInterfaceOrientationPortraitUpsideDown UIInterfaceOrientationLandscapeLeft UIInterfaceOrientationLandscapeRight";
				INFOPLIST_KEY_UISupportedInterfaceOrientations_iPhone = "UIInterfaceOrientationPortrait UIInterfaceOrientationLandscapeLeft UIInterfaceOrientationLandscapeRight";
				IPHONEOS_DEPLOYMENT_TARGET = 15.0;
				LD_RUNPATH_SEARCH_PATHS = (
					"$(inherited)",
					"@executable_path/Frameworks",
				);
				MARKETING_VERSION = 1.0;
				PRODUCT_BUNDLE_IDENTIFIER = com.ledger.NetWorking;
				PRODUCT_NAME = "$(TARGET_NAME)";
				SWIFT_EMIT_LOC_STRINGS = YES;
				TARGETED_DEVICE_FAMILY = "1,2";
			};
			name = Release;
		};
/* End XCBuildConfiguration section */

/* Begin XCConfigurationList section */
		797B86622C0D8C3800D89888 /* Build configuration list for PBXProject "NetWorking" */ = {
			isa = XCConfigurationList;
			buildConfigurations = (
				797B867E2C0D8C3A00D89888 /* Debug */,
				797B867F2C0D8C3A00D89888 /* Release */,
			);
			defaultConfigurationIsVisible = 0;
			defaultConfigurationName = Release;
		};
		797B86802C0D8C3A00D89888 /* Build configuration list for PBXNativeTarget "NetWorking" */ = {
			isa = XCConfigurationList;
			buildConfigurations = (
				797B86812C0D8C3A00D89888 /* Debug */,
				797B86822C0D8C3A00D89888 /* Release */,
			);
			defaultConfigurationIsVisible = 0;
			defaultConfigurationName = Release;
		};
/* End XCConfigurationList section */
	};
	rootObject = 797B865F2C0D8C3800D89888 /* Project object */;
}
